
Microsoft Visual Studio Solution File, Format Version 12.00
# Visual Studio Version 16
VisualStudioVersion = 16.0.29519.87
MinimumVisualStudioVersion = 10.0.40219.1
Project("{FAE04EC0-301F-11D3-BF4B-00C04F79EFBC}") = "LackingWebSecurityCore", "LackingWebSecurityCore\LackingWebSecurityCore.csproj", "{956546BC-6336-4320-8090-E1D502BE52DA}"
EndProject
Global
	GlobalSection(SolutionConfigurationPlatforms) = preSolution
		Debug|Any CPU = Debug|Any CPU
		Release|Any CPU = Release|Any CPU
	EndGlobalSection
	GlobalSection(ProjectConfigurationPlatforms) = postSolution
		{956546BC-6336-4320-8090-E1D502BE52DA}.Debug|Any CPU.ActiveCfg = Debug|Any CPU
		{956546BC-6336-4320-8090-E1D502BE52DA}.Debug|Any CPU.Build.0 = Debug|Any CPU
		{956546BC-6336-4320-8090-E1D502BE52DA}.Release|Any CPU.ActiveCfg = Release|Any CPU
		{956546BC-6336-4320-8090-E1D502BE52DA}.Release|Any CPU.Build.0 = Release|Any CPU
	EndGlobalSection
	GlobalSection(SolutionProperties) = preSolution
		HideSolutionNode = FALSE
	EndGlobalSection
	GlobalSection(ExtensibilityGlobals) = postSolution
		SolutionGuid = {8A984323-837E-425A-9BA0-585C17CB2FE9}
	EndGlobalSection
EndGlobal
